// !$*UTF8*$!
{
	archiveVersion = 1;
	classes = {
	};
	objectVersion = 50;
	objects = {

/* Begin PBXBuildFile section */
		EDB8CDED2155276000793F7C /* AppDelegate.swift in Sources */ = {isa = PBXBuildFile; fileRef = EDB8CDEC2155276000793F7C /* AppDelegate.swift */; };
		EDB8CDEF2155276000793F7C /* ViewController.swift in Sources */ = {isa = PBXBuildFile; fileRef = EDB8CDEE2155276000793F7C /* ViewController.swift */; };
		EDB8CDF22155276000793F7C /* Main.storyboard in Resources */ = {isa = PBXBuildFile; fileRef = EDB8CDF02155276000793F7C /* Main.storyboard */; };
		EDB8CDF42155276200793F7C /* Assets.xcassets in Resources */ = {isa = PBXBuildFile; fileRef = EDB8CDF32155276200793F7C /* Assets.xcassets */; };
		EDB8CDF72155276200793F7C /* LaunchScreen.storyboard in Resources */ = {isa = PBXBuildFile; fileRef = EDB8CDF52155276200793F7C /* LaunchScreen.storyboard */; };
		EDB8CDFF21552F4500793F7C /* mert.png in Resources */ = {isa = PBXBuildFile; fileRef = EDB8CDFE21552F4500793F7C /* mert.png */; };
/* End PBXBuildFile section */

/* Begin PBXFileReference section */
		EDB8CDE92155276000793F7C /* FirstApplication.app */ = {isa = PBXFileReference; explicitFileType = wrapper.application; includeInIndex = 0; path = FirstApplication.app; sourceTree = BUILT_PRODUCTS_DIR; };
		EDB8CDEC2155276000793F7C /* AppDelegate.swift */ = {isa = PBXFileReference; lastKnownFileType = sourcecode.swift; path = AppDelegate.swift; sourceTree = "<group>"; };
		EDB8CDEE2155276000793F7C /* ViewController.swift */ = {isa = PBXFileReference; lastKnownFileType = sourcecode.swift; path = ViewController.swift; sourceTree = "<group>"; };
		EDB8CDF12155276000793F7C /* Base */ = {isa = PBXFileReference; lastKnownFileType = file.storyboard; name = Base; path = Base.lproj/Main.storyboard; sourceTree = "<group>"; };
		EDB8CDF32155276200793F7C /* Assets.xcassets */ = {isa = PBXFileReference; lastKnownFileType = folder.assetcatalog; path = Assets.xcassets; sourceTree = "<group>"; };
		EDB8CDF62155276200793F7C /* Base */ = {isa = PBXFileReference; lastKnownFileType = file.storyboard; name = Base; path = Base.lproj/LaunchScreen.storyboard; sourceTree = "<group>"; };
		EDB8CDF82155276200793F7C /* Info.plist */ = {isa = PBXFileReference; lastKnownFileType = text.plist.xml; path = Info.plist; sourceTree = "<group>"; };
		EDB8CDFE21552F4500793F7C /* mert.png */ = {isa = PBXFileReference; lastKnownFileType = image.png; path = mert.png; sourceTree = "<group>"; };
/* End PBXFileReference section */

/* Begin PBXFrameworksBuildPhase section */
		EDB8CDE62155276000793F7C /* Frameworks */ = {
			isa = PBXFrameworksBuildPhase;
			buildActionMask = 2147483647;
			files = (
			);
			runOnlyForDeploymentPostprocessing = 0;
		};
/* End PBXFrameworksBuildPhase section */

/* Begin PBXGroup section */
		EDB8CDE02155276000793F7C = {
			isa = PBXGroup;
			children = (
				EDB8CDEB2155276000793F7C /* FirstApplication */,
				EDB8CDEA2155276000793F7C /* Products */,
			);
			sourceTree = "<group>";
		};
		EDB8CDEA2155276000793F7C /* Products */ = {
			isa = PBXGroup;
			children = (
				EDB8CDE92155276000793F7C /* FirstApplication.app */,
			);
			name = Products;
			sourceTree = "<group>";
		};
		EDB8CDEB2155276000793F7C /* FirstApplication */ = {
			isa = PBXGroup;
			children = (
				EDB8CDFE21552F4500793F7C /* mert.png */,
				EDB8CDEC2155276000793F7C /* AppDelegate.swift */,
				EDB8CDEE2155276000793F7C /* ViewController.swift */,
				EDB8CDF02155276000793F7C /* Main.storyboard */,
				EDB8CDF32155276200793F7C /* Assets.xcassets */,
				EDB8CDF52155276200793F7C /* LaunchScreen.storyboard */,
				EDB8CDF82155276200793F7C /* Info.plist */,
			);
			path = FirstApplication;
			sourceTree = "<group>";
		};
/* End PBXGroup section */

/* Begin PBXNativeTarget section */
		EDB8CDE82155276000793F7C /* FirstApplication */ = {
			isa = PBXNativeTarget;
			buildConfigurationList = EDB8CDFB2155276200793F7C /* Build configuration list for PBXNativeTarget "FirstApplication" */;
			buildPhases = (
				EDB8CDE52155276000793F7C /* Sources */,
				EDB8CDE62155276000793F7C /* Frameworks */,
				EDB8CDE72155276000793F7C /* Resources */,
			);
			buildRules = (
			);
			dependencies = (
			);
			name = FirstApplication;
			productName = FirstApplication;
			productReference = EDB8CDE92155276000793F7C /* FirstApplication.app */;
			productType = "com.apple.product-type.application";
		};
/* End PBXNativeTarget section */

/* Begin PBXProject section */
		EDB8CDE12155276000793F7C /* Project object */ = {
			isa = PBXProject;
			attributes = {
				LastSwiftUpdateCheck = 1000;
				LastUpgradeCheck = 1000;
				ORGANIZATIONNAME = "mert can altın";
				TargetAttributes = {
					EDB8CDE82155276000793F7C = {
						CreatedOnToolsVersion = 10.0;
					};
				};
			};
			buildConfigurationList = EDB8CDE42155276000793F7C /* Build configuration list for PBXProject "FirstApplication" */;
			compatibilityVersion = "Xcode 9.3";
			developmentRegion = en;
			hasScannedForEncodings = 0;
			knownRegions = (
				en,
				Base,
			);
			mainGroup = EDB8CDE02155276000793F7C;
			productRefGroup = EDB8CDEA2155276000793F7C /* Products */;
			projectDirPath = "";
			projectRoot = "";
			targets = (
				EDB8CDE82155276000793F7C /* FirstApplication */,
			);
		};
/* End PBXProject section */

/* Begin PBXResourcesBuildPhase section */
		EDB8CDE72155276000793F7C /* Resources */ = {
			isa = PBXResourcesBuildPhase;
			buildActionMask = 2147483647;
			files = (
				EDB8CDFF21552F4500793F7C /* mert.png in Resources */,
				EDB8CDF72155276200793F7C /* LaunchScreen.storyboard in Resources */,
				EDB8CDF42155276200793F7C /* Assets.xcassets in Resources */,
				EDB8CDF22155276000793F7C /* Main.storyboard in Resources */,
			);
			runOnlyForDeploymentPostprocessing = 0;
		};
/* End PBXResourcesBuildPhase section */

/* Begin PBXSourcesBuildPhase section */
		EDB8CDE52155276000793F7C /* Sources */ = {
			isa = PBXSourcesBuildPhase;
			buildActionMask = 2147483647;
			files = (
				EDB8CDEF2155276000793F7C /* ViewController.swift in Sources */,
				EDB8CDED2155276000793F7C /* AppDelegate.swift in Sources */,
			);
			runOnlyForDeploymentPostprocessing = 0;
		};
/* End PBXSourcesBuildPhase section */

/* Begin PBXVariantGroup section */
		EDB8CDF02155276000793F7C /* Main.storyboard */ = {
			isa = PBXVariantGroup;
			children = (
				EDB8CDF12155276000793F7C /* Base */,
			);
			name = Main.storyboard;
			sourceTree = "<group>";
		};
		EDB8CDF52155276200793F7C /* LaunchScreen.storyboard */ = {
			isa = PBXVariantGroup;
			children = (
				EDB8CDF62155276200793F7C /* Base */,
			);
			name = LaunchScreen.storyboard;
			sourceTree = "<group>";
		};
/* End PBXVariantGroup section */

/* Begin XCBuildConfiguration section */
		EDB8CDF92155276200793F7C /* Debug */ = {
			isa = XCBuildConfiguration;
			buildSettings = {
				ALWAYS_SEARCH_USER_PATHS = NO;
				CLANG_ANALYZER_NONNULL = YES;
				CLANG_ANALYZER_NUMBER_OBJECT_CONVERSION = YES_AGGRESSIVE;
				CLANG_CXX_LANGUAGE_STANDARD = "gnu++14";
				CLANG_CXX_LIBRARY = "libc++";
				CLANG_ENABLE_MODULES = YES;
				CLANG_ENABLE_OBJC_ARC = YES;
				CLANG_ENABLE_OBJC_WEAK = YES;
				CLANG_WARN_BLOCK_CAPTURE_AUTORELEASING = YES;
				CLANG_WARN_BOOL_CONVERSION = YES;
				CLANG_WARN_COMMA = YES;
				CLANG_WARN_CONSTANT_CONVERSION = YES;
				CLANG_WARN_DEPRECATED_OBJC_IMPLEMENTATIONS = YES;
				CLANG_WARN_DIRECT_OBJC_ISA_USAGE = YES_ERROR;
				CLANG_WARN_DOCUMENTATION_COMMENTS = YES;
				CLANG_WARN_EMPTY_BODY = YES;
				CLANG_WARN_ENUM_CONVERSION = YES;
				CLANG_WARN_INFINITE_RECURSION = YES;
				CLANG_WARN_INT_CONVERSION = YES;
				CLANG_WARN_NON_LITERAL_NULL_CONVERSION = YES;
				CLANG_WARN_OBJC_IMPLICIT_RETAIN_SELF = YES;
				CLANG_WARN_OBJC_LITERAL_CONVERSION = YES;
				CLANG_WARN_OBJC_ROOT_CLASS = YES_ERROR;
				CLANG_WARN_RANGE_LOOP_ANALYSIS = YES;
				CLANG_WARN_STRICT_PROTOTYPES = YES;
				CLANG_WARN_SUSPICIOUS_MOVE = YES;
				CLANG_WARN_UNGUARDED_AVAILABILITY = YES_AGGRESSIVE;
				CLANG_WARN_UNREACHABLE_CODE = YES;
				CLANG_WARN__DUPLICATE_METHOD_MATCH = YES;
				CODE_SIGN_IDENTITY = "iPhone Developer";
				COPY_PHASE_STRIP = NO;
				DEBUG_INFORMATION_FORMAT = dwarf;
				ENABLE_STRICT_OBJC_MSGSEND = YES;
				ENABLE_TESTABILITY = YES;
				GCC_C_LANGUAGE_STANDARD = gnu11;
				GCC_DYNAMIC_NO_PIC = NO;
				GCC_NO_COMMON_BLOCKS = YES;
				GCC_OPTIMIZATION_LEVEL = 0;
				GCC_PREPROCESSOR_DEFINITIONS = (
					"DEBUG=1",
					"$(inherited)",
				);
				GCC_WARN_64_TO_32_BIT_CONVERSION = YES;
				GCC_WARN_ABOUT_RETURN_TYPE = YES_ERROR;
				GCC_WARN_UNDECLARED_SELECTOR = YES;
				GCC_WARN_UNINITIALIZED_AUTOS = YES_AGGRESSIVE;
				GCC_WARN_UNUSED_FUNCTION = YES;
				GCC_WARN_UNUSED_VARIABLE = YES;
				IPHONEOS_DEPLOYMENT_TARGET = 12.0;
				MTL_ENABLE_DEBUG_INFO = INCLUDE_SOURCE;
				MTL_FAST_MATH = YES;
				ONLY_ACTIVE_ARCH = YES;
				SDKROOT = iphoneos;
				SWIFT_ACTIVE_COMPILATION_CONDITIONS = DEBUG;
				SWIFT_OPTIMIZATION_LEVEL = "-Onone";
			};
			name = Debug;
		};
		EDB8CDFA2155276200793F7C /* Release */ = {
			isa = XCBuildConfiguration;
			buildSettings = {
				ALWAYS_SEARCH_USER_PATHS = NO;
				CLANG_ANALYZER_NONNULL = YES;
				CLANG_ANALYZER_NUMBER_OBJECT_CONVERSION = YES_AGGRESSIVE;
				CLANG_CXX_LANGUAGE_STANDARD = "gnu++14";
				CLANG_CXX_LIBRARY = "libc++";
				CLANG_ENABLE_MODULES = YES;
				CLANG_ENABLE_OBJC_ARC = YES;
				CLANG_ENABLE_OBJC_WEAK = YES;
				CLANG_WARN_BLOCK_CAPTURE_AUTORELEASING = YES;
				CLANG_WARN_BOOL_CONVERSION = YES;
				CLANG_WARN_COMMA = YES;
				CLANG_WARN_CONSTANT_CONVERSION = YES;
				CLANG_WARN_DEPRECATED_OBJC_IMPLEMENTATIONS = YES;
				CLANG_WARN_DIRECT_OBJC_ISA_USAGE = YES_ERROR;
				CLANG_WARN_DOCUMENTATION_COMMENTS = YES;
				CLANG_WARN_EMPTY_BODY = YES;
				CLANG_WARN_ENUM_CONVERSION = YES;
				CLANG_WARN_INFINITE_RECURSION = YES;
				CLANG_WARN_INT_CONVERSION = YES;
				CLANG_WARN_NON_LITERAL_NULL_CONVERSION = YES;
				CLANG_WARN_OBJC_IMPLICIT_RETAIN_SELF = YES;
				CLANG_WARN_OBJC_LITERAL_CONVERSION = YES;
				CLANG_WARN_OBJC_ROOT_CLASS = YES_ERROR;
				CLANG_WARN_RANGE_LOOP_ANALYSIS = YES;
				CLANG_WARN_STRICT_PROTOTYPES = YES;
				CLANG_WARN_SUSPICIOUS_MOVE = YES;
				CLANG_WARN_UNGUARDED_AVAILABILITY = YES_AGGRESSIVE;
				CLANG_WARN_UNREACHABLE_CODE = YES;
				CLANG_WARN__DUPLICATE_METHOD_MATCH = YES;
				CODE_SIGN_IDENTITY = "iPhone Developer";
				COPY_PHASE_STRIP = NO;
				DEBUG_INFORMATION_FORMAT = "dwarf-with-dsym";
				ENABLE_NS_ASSERTIONS = NO;
				ENABLE_STRICT_OBJC_MSGSEND = YES;
				GCC_C_LANGUAGE_STANDARD = gnu11;
				GCC_NO_COMMON_BLOCKS = YES;
				GCC_WARN_64_TO_32_BIT_CONVERSION = YES;
				GCC_WARN_ABOUT_RETURN_TYPE = YES_ERROR;
				GCC_WARN_UNDECLARED_SELECTOR = YES;
				GCC_WARN_UNINITIALIZED_AUTOS = YES_AGGRESSIVE;
				GCC_WARN_UNUSED_FUNCTION = YES;
				GCC_WARN_UNUSED_VARIABLE = YES;
				IPHONEOS_DEPLOYMENT_TARGET = 12.0;
				MTL_ENABLE_DEBUG_INFO = NO;
				MTL_FAST_MATH = YES;
				SDKROOT = iphoneos;
				SWIFT_COMPILATION_MODE = wholemodule;
				SWIFT_OPTIMIZATION_LEVEL = "-O";
				VALIDATE_PRODUCT = YES;
			};
			name = Release;
		};
		EDB8CDFC2155276200793F7C /* Debug */ = {
			isa = XCBuildConfiguration;
			buildSettings = {
				ASSETCATALOG_COMPILER_APPICON_NAME = AppIcon;
				CODE_SIGN_STYLE = Automatic;
				DEVELOPMENT_TEAM = "";
				INFOPLIST_FILE = FirstApplication/Info.plist;
				LD_RUNPATH_SEARCH_PATHS = (
					"$(inherited)",
					"@executable_path/Frameworks",
				);
				PRODUCT_BUNDLE_IDENTIFIER = com.mert.FirstApplication;
				PRODUCT_NAME = "$(TARGET_NAME)";
				SWIFT_VERSION = 4.2;
				TARGETED_DEVICE_FAMILY = "1,2";
			};
			name = Debug;
		};
		EDB8CDFD2155276200793F7C /* Release */ = {
			isa = XCBuildConfiguration;
			buildSettings = {
				ASSETCATALOG_COMPILER_APPICON_NAME = AppIcon;
				CODE_SIGN_STYLE = Automatic;
				DEVELOPMENT_TEAM = "";
				INFOPLIST_FILE = FirstApplication/Info.plist;
				LD_RUNPATH_SEARCH_PATHS = (
					"$(inherited)",
					"@executable_path/Frameworks",
				);
				PRODUCT_BUNDLE_IDENTIFIER = com.mert.FirstApplication;
				PRODUCT_NAME = "$(TARGET_NAME)";
				SWIFT_VERSION = 4.2;
				TARGETED_DEVICE_FAMILY = "1,2";
			};
			name = Release;
		};
/* End XCBuildConfiguration section */

/* Begin XCConfigurationList section */
		EDB8CDE42155276000793F7C /* Build configuration list for PBXProject "FirstApplication" */ = {
			isa = XCConfigurationList;
			buildConfigurations = (
				EDB8CDF92155276200793F7C /* Debug */,
				EDB8CDFA2155276200793F7C /* Release */,
			);
			defaultConfigurationIsVisible = 0;
			defaultConfigurationName = Release;
		};
		EDB8CDFB2155276200793F7C /* Build configuration list for PBXNativeTarget "FirstApplication" */ = {
			isa = XCConfigurationList;
			buildConfigurations = (
				EDB8CDFC2155276200793F7C /* Debug */,
				EDB8CDFD2155276200793F7C /* Release */,
			);
			defaultConfigurationIsVisible = 0;
			defaultConfigurationName = Release;
		};
/* End XCConfigurationList section */
	};
	rootObject = EDB8CDE12155276000793F7C /* Project object */;
}
